// !$*UTF8*$!
{
	archiveVersion = 1;
	classes = {
	};
	objectVersion = 46;
	objects = {

/* Begin PBXBuildFile section */
		E46B8C431A235C050096567E /* AppDelegate.swift in Sources */ = {isa = PBXBuildFile; fileRef = E46B8C421A235C050096567E /* AppDelegate.swift */; };
		E46B8C451A235C050096567E /* ViewController.swift in Sources */ = {isa = PBXBuildFile; fileRef = E46B8C441A235C050096567E /* ViewController.swift */; };
		E46B8C481A235C050096567E /* Main.storyboard in Resources */ = {isa = PBXBuildFile; fileRef = E46B8C461A235C050096567E /* Main.storyboard */; };
		E46B8C4A1A235C050096567E /* Images.xcassets in Resources */ = {isa = PBXBuildFile; fileRef = E46B8C491A235C050096567E /* Images.xcassets */; };
		E46B8C4D1A235C050096567E /* LaunchScreen.xib in Resources */ = {isa = PBXBuildFile; fileRef = E46B8C4B1A235C050096567E /* LaunchScreen.xib */; };
		E46B8C591A235C050096567E /* test_appTests.swift in Sources */ = {isa = PBXBuildFile; fileRef = E46B8C581A235C050096567E /* test_appTests.swift */; };
		E46B8C631A235DE70096567E /* calculation.swift in Sources */ = {isa = PBXBuildFile; fileRef = E46B8C621A235DE70096567E /* calculation.swift */; };
/* End PBXBuildFile section */

/* Begin PBXContainerItemProxy section */
		E46B8C531A235C050096567E /* PBXContainerItemProxy */ = {
			isa = PBXContainerItemProxy;
			containerPortal = E46B8C351A235C050096567E /* Project object */;
			proxyType = 1;
			remoteGlobalIDString = E46B8C3C1A235C050096567E;
			remoteInfo = "test-app";
		};
/* End PBXContainerItemProxy section */

/* Begin PBXFileReference section */
		E46B8C3D1A235C050096567E /* test-app.app */ = {isa = PBXFileReference; explicitFileType = wrapper.application; includeInIndex = 0; path = "test-app.app"; sourceTree = BUILT_PRODUCTS_DIR; };
		E46B8C411A235C050096567E /* Info.plist */ = {isa = PBXFileReference; lastKnownFileType = text.plist.xml; path = Info.plist; sourceTree = "<group>"; };
		E46B8C421A235C050096567E /* AppDelegate.swift */ = {isa = PBXFileReference; lastKnownFileType = sourcecode.swift; path = AppDelegate.swift; sourceTree = "<group>"; };
		E46B8C441A235C050096567E /* ViewController.swift */ = {isa = PBXFileReference; lastKnownFileType = sourcecode.swift; path = ViewController.swift; sourceTree = "<group>"; };
		E46B8C471A235C050096567E /* Base */ = {isa = PBXFileReference; lastKnownFileType = file.storyboard; name = Base; path = Base.lproj/Main.storyboard; sourceTree = "<group>"; };
		E46B8C491A235C050096567E /* Images.xcassets */ = {isa = PBXFileReference; lastKnownFileType = folder.assetcatalog; path = Images.xcassets; sourceTree = "<group>"; };
		E46B8C4C1A235C050096567E /* Base */ = {isa = PBXFileReference; lastKnownFileType = file.xib; name = Base; path = Base.lproj/LaunchScreen.xib; sourceTree = "<group>"; };
		E46B8C521A235C050096567E /* test-appTests.xctest */ = {isa = PBXFileReference; explicitFileType = wrapper.cfbundle; includeInIndex = 0; path = "test-appTests.xctest"; sourceTree = BUILT_PRODUCTS_DIR; };
		E46B8C571A235C050096567E /* Info.plist */ = {isa = PBXFileReference; lastKnownFileType = text.plist.xml; path = Info.plist; sourceTree = "<group>"; };
		E46B8C581A235C050096567E /* test_appTests.swift */ = {isa = PBXFileReference; lastKnownFileType = sourcecode.swift; path = test_appTests.swift; sourceTree = "<group>"; };
		E46B8C621A235DE70096567E /* calculation.swift */ = {isa = PBXFileReference; fileEncoding = 4; lastKnownFileType = sourcecode.swift; path = calculation.swift; sourceTree = "<group>"; };
/* End PBXFileReference section */

/* Begin PBXFrameworksBuildPhase section */
		E46B8C3A1A235C050096567E /* Frameworks */ = {
			isa = PBXFrameworksBuildPhase;
			buildActionMask = 2147483647;
			files = (
			);
			runOnlyForDeploymentPostprocessing = 0;
		};
		E46B8C4F1A235C050096567E /* Frameworks */ = {
			isa = PBXFrameworksBuildPhase;
			buildActionMask = 2147483647;
			files = (
			);
			runOnlyForDeploymentPostprocessing = 0;
		};
/* End PBXFrameworksBuildPhase section */

/* Begin PBXGroup section */
		E46B8C341A235C050096567E = {
			isa = PBXGroup;
			children = (
				E46B8C3F1A235C050096567E /* test-app */,
				E46B8C551A235C050096567E /* test-appTests */,
				E46B8C3E1A235C050096567E /* Products */,
			);
			sourceTree = "<group>";
		};
		E46B8C3E1A235C050096567E /* Products */ = {
			isa = PBXGroup;
			children = (
				E46B8C3D1A235C050096567E /* test-app.app */,
				E46B8C521A235C050096567E /* test-appTests.xctest */,
			);
			name = Products;
			sourceTree = "<group>";
		};
		E46B8C3F1A235C050096567E /* test-app */ = {
			isa = PBXGroup;
			children = (
				E46B8C421A235C050096567E /* AppDelegate.swift */,
				E46B8C441A235C050096567E /* ViewController.swift */,
				E46B8C461A235C050096567E /* Main.storyboard */,
				E46B8C491A235C050096567E /* Images.xcassets */,
				E46B8C4B1A235C050096567E /* LaunchScreen.xib */,
				E46B8C401A235C050096567E /* Supporting Files */,
				E46B8C621A235DE70096567E /* calculation.swift */,
			);
			path = "test-app";
			sourceTree = "<group>";
		};
		E46B8C401A235C050096567E /* Supporting Files */ = {
			isa = PBXGroup;
			children = (
				E46B8C411A235C050096567E /* Info.plist */,
			);
			name = "Supporting Files";
			sourceTree = "<group>";
		};
		E46B8C551A235C050096567E /* test-appTests */ = {
			isa = PBXGroup;
			children = (
				E46B8C581A235C050096567E /* test_appTests.swift */,
				E46B8C561A235C050096567E /* Supporting Files */,
			);
			path = "test-appTests";
			sourceTree = "<group>";
		};
		E46B8C561A235C050096567E /* Supporting Files */ = {
			isa = PBXGroup;
			children = (
				E46B8C571A235C050096567E /* Info.plist */,
			);
			name = "Supporting Files";
			sourceTree = "<group>";
		};
/* End PBXGroup section */

/* Begin PBXNativeTarget section */
		E46B8C3C1A235C050096567E /* test-app */ = {
			isa = PBXNativeTarget;
			buildConfigurationList = E46B8C5C1A235C050096567E /* Build configuration list for PBXNativeTarget "test-app" */;
			buildPhases = (
				E46B8C391A235C050096567E /* Sources */,
				E46B8C3A1A235C050096567E /* Frameworks */,
				E46B8C3B1A235C050096567E /* Resources */,
			);
			buildRules = (
			);
			dependencies = (
			);
			name = "test-app";
			productName = "test-app";
			productReference = E46B8C3D1A235C050096567E /* test-app.app */;
			productType = "com.apple.product-type.application";
		};
		E46B8C511A235C050096567E /* test-appTests */ = {
			isa = PBXNativeTarget;
			buildConfigurationList = E46B8C5F1A235C050096567E /* Build configuration list for PBXNativeTarget "test-appTests" */;
			buildPhases = (
				E46B8C4E1A235C050096567E /* Sources */,
				E46B8C4F1A235C050096567E /* Frameworks */,
				E46B8C501A235C050096567E /* Resources */,
			);
			buildRules = (
			);
			dependencies = (
				E46B8C541A235C050096567E /* PBXTargetDependency */,
			);
			name = "test-appTests";
			productName = "test-appTests";
			productReference = E46B8C521A235C050096567E /* test-appTests.xctest */;
			productType = "com.apple.product-type.bundle.unit-test";
		};
/* End PBXNativeTarget section */

/* Begin PBXProject section */
		E46B8C351A235C050096567E /* Project object */ = {
			isa = PBXProject;
			attributes = {
				LastUpgradeCheck = 0610;
				ORGANIZATIONNAME = daisuke;
				TargetAttributes = {
					E46B8C3C1A235C050096567E = {
						CreatedOnToolsVersion = 6.1;
					};
					E46B8C511A235C050096567E = {
						CreatedOnToolsVersion = 6.1;
						TestTargetID = E46B8C3C1A235C050096567E;
					};
				};
			};
			buildConfigurationList = E46B8C381A235C050096567E /* Build configuration list for PBXProject "test-app" */;
			compatibilityVersion = "Xcode 3.2";
			developmentRegion = English;
			hasScannedForEncodings = 0;
			knownRegions = (
				en,
				Base,
			);
			mainGroup = E46B8C341A235C050096567E;
			productRefGroup = E46B8C3E1A235C050096567E /* Products */;
			projectDirPath = "";
			projectRoot = "";
			targets = (
				E46B8C3C1A235C050096567E /* test-app */,
				E46B8C511A235C050096567E /* test-appTests */,
			);
		};
/* End PBXProject section */

/* Begin PBXResourcesBuildPhase section */
		E46B8C3B1A235C050096567E /* Resources */ = {
			isa = PBXResourcesBuildPhase;
			buildActionMask = 2147483647;
			files = (
				E46B8C481A235C050096567E /* Main.storyboard in Resources */,
				E46B8C4D1A235C050096567E /* LaunchScreen.xib in Resources */,
				E46B8C4A1A235C050096567E /* Images.xcassets in Resources */,
			);
			runOnlyForDeploymentPostprocessing = 0;
		};
		E46B8C501A235C050096567E /* Resources */ = {
			isa = PBXResourcesBuildPhase;
			buildActionMask = 2147483647;
			files = (
			);
			runOnlyForDeploymentPostprocessing = 0;
		};
/* End PBXResourcesBuildPhase section */

/* Begin PBXSourcesBuildPhase section */
		E46B8C391A235C050096567E /* Sources */ = {
			isa = PBXSourcesBuildPhase;
			buildActionMask = 2147483647;
			files = (
				E46B8C451A235C050096567E /* ViewController.swift in Sources */,
				E46B8C431A235C050096567E /* AppDelegate.swift in Sources */,
				E46B8C631A235DE70096567E /* calculation.swift in Sources */,
			);
			runOnlyForDeploymentPostprocessing = 0;
		};
		E46B8C4E1A235C050096567E /* Sources */ = {
			isa = PBXSourcesBuildPhase;
			buildActionMask = 2147483647;
			files = (
				E46B8C591A235C050096567E /* test_appTests.swift in Sources */,
			);
			runOnlyForDeploymentPostprocessing = 0;
		};
/* End PBXSourcesBuildPhase section */

/* Begin PBXTargetDependency section */
		E46B8C541A235C050096567E /* PBXTargetDependency */ = {
			isa = PBXTargetDependency;
			target = E46B8C3C1A235C050096567E /* test-app */;
			targetProxy = E46B8C531A235C050096567E /* PBXContainerItemProxy */;
		};
/* End PBXTargetDependency section */

/* Begin PBXVariantGroup section */
		E46B8C461A235C050096567E /* Main.storyboard */ = {
			isa = PBXVariantGroup;
			children = (
				E46B8C471A235C050096567E /* Base */,
			);
			name = Main.storyboard;
			sourceTree = "<group>";
		};
		E46B8C4B1A235C050096567E /* LaunchScreen.xib */ = {
			isa = PBXVariantGroup;
			children = (
				E46B8C4C1A235C050096567E /* Base */,
			);
			name = LaunchScreen.xib;
			sourceTree = "<group>";
		};
/* End PBXVariantGroup section */

/* Begin XCBuildConfiguration section */
		E46B8C5A1A235C050096567E /* Debug */ = {
			isa = XCBuildConfiguration;
			buildSettings = {
				ALWAYS_SEARCH_USER_PATHS = NO;
				CLANG_CXX_LANGUAGE_STANDARD = "gnu++0x";
				CLANG_CXX_LIBRARY = "libc++";
				CLANG_ENABLE_MODULES = YES;
				CLANG_ENABLE_OBJC_ARC = YES;
				CLANG_WARN_BOOL_CONVERSION = YES;
				CLANG_WARN_CONSTANT_CONVERSION = YES;
				CLANG_WARN_DIRECT_OBJC_ISA_USAGE = YES_ERROR;
				CLANG_WARN_EMPTY_BODY = YES;
				CLANG_WARN_ENUM_CONVERSION = YES;
				CLANG_WARN_INT_CONVERSION = YES;
				CLANG_WARN_OBJC_ROOT_CLASS = YES_ERROR;
				CLANG_WARN_UNREACHABLE_CODE = YES;
				CLANG_WARN__DUPLICATE_METHOD_MATCH = YES;
				"CODE_SIGN_IDENTITY[sdk=iphoneos*]" = "iPhone Developer";
				COPY_PHASE_STRIP = NO;
				ENABLE_STRICT_OBJC_MSGSEND = YES;
				GCC_C_LANGUAGE_STANDARD = gnu99;
				GCC_DYNAMIC_NO_PIC = NO;
				GCC_OPTIMIZATION_LEVEL = 0;
				GCC_PREPROCESSOR_DEFINITIONS = (
					"DEBUG=1",
					"$(inherited)",
				);
				GCC_SYMBOLS_PRIVATE_EXTERN = NO;
				GCC_WARN_64_TO_32_BIT_CONVERSION = YES;
				GCC_WARN_ABOUT_RETURN_TYPE = YES_ERROR;
				GCC_WARN_UNDECLARED_SELECTOR = YES;
				GCC_WARN_UNINITIALIZED_AUTOS = YES_AGGRESSIVE;
				GCC_WARN_UNUSED_FUNCTION = YES;
				GCC_WARN_UNUSED_VARIABLE = YES;
				IPHONEOS_DEPLOYMENT_TARGET = 8.1;
				MTL_ENABLE_DEBUG_INFO = YES;
				ONLY_ACTIVE_ARCH = YES;
				SDKROOT = iphoneos;
				SWIFT_OPTIMIZATION_LEVEL = "-Onone";
			};
			name = Debug;
		};
		E46B8C5B1A235C050096567E /* Release */ = {
			isa = XCBuildConfiguration;
			buildSettings = {
				ALWAYS_SEARCH_USER_PATHS = NO;
				CLANG_CXX_LANGUAGE_STANDARD = "gnu++0x";
				CLANG_CXX_LIBRARY = "libc++";
				CLANG_ENABLE_MODULES = YES;
				CLANG_ENABLE_OBJC_ARC = YES;
				CLANG_WARN_BOOL_CONVERSION = YES;
				CLANG_WARN_CONSTANT_CONVERSION = YES;
				CLANG_WARN_DIRECT_OBJC_ISA_USAGE = YES_ERROR;
				CLANG_WARN_EMPTY_BODY = YES;
				CLANG_WARN_ENUM_CONVERSION = YES;
				CLANG_WARN_INT_CONVERSION = YES;
				CLANG_WARN_OBJC_ROOT_CLASS = YES_ERROR;
				CLANG_WARN_UNREACHABLE_CODE = YES;
				CLANG_WARN__DUPLICATE_METHOD_MATCH = YES;
				"CODE_SIGN_IDENTITY[sdk=iphoneos*]" = "iPhone Developer";
				COPY_PHASE_STRIP = YES;
				ENABLE_NS_ASSERTIONS = NO;
				ENABLE_STRICT_OBJC_MSGSEND = YES;
				GCC_C_LANGUAGE_STANDARD = gnu99;
				GCC_WARN_64_TO_32_BIT_CONVERSION = YES;
				GCC_WARN_ABOUT_RETURN_TYPE = YES_ERROR;
				GCC_WARN_UNDECLARED_SELECTOR = YES;
				GCC_WARN_UNINITIALIZED_AUTOS = YES_AGGRESSIVE;
				GCC_WARN_UNUSED_FUNCTION = YES;
				GCC_WARN_UNUSED_VARIABLE = YES;
				IPHONEOS_DEPLOYMENT_TARGET = 8.1;
				MTL_ENABLE_DEBUG_INFO = NO;
				SDKROOT = iphoneos;
				VALIDATE_PRODUCT = YES;
			};
			name = Release;
		};
		E46B8C5D1A235C050096567E /* Debug */ = {
			isa = XCBuildConfiguration;
			buildSettings = {
				ASSETCATALOG_COMPILER_APPICON_NAME = AppIcon;
				INFOPLIST_FILE = "test-app/Info.plist";
				LD_RUNPATH_SEARCH_PATHS = "$(inherited) @executable_path/Frameworks";
				PRODUCT_NAME = "$(TARGET_NAME)";
			};
			name = Debug;
		};
		E46B8C5E1A235C050096567E /* Release */ = {
			isa = XCBuildConfiguration;
			buildSettings = {
				ASSETCATALOG_COMPILER_APPICON_NAME = AppIcon;
				INFOPLIST_FILE = "test-app/Info.plist";
				LD_RUNPATH_SEARCH_PATHS = "$(inherited) @executable_path/Frameworks";
				PRODUCT_NAME = "$(TARGET_NAME)";
			};
			name = Release;
		};
		E46B8C601A235C050096567E /* Debug */ = {
			isa = XCBuildConfiguration;
			buildSettings = {
				BUNDLE_LOADER = "$(TEST_HOST)";
				FRAMEWORK_SEARCH_PATHS = (
					"$(SDKROOT)/Developer/Library/Frameworks",
					"$(inherited)",
				);
				GCC_PREPROCESSOR_DEFINITIONS = (
					"DEBUG=1",
					"$(inherited)",
				);
				INFOPLIST_FILE = "test-appTests/Info.plist";
				LD_RUNPATH_SEARCH_PATHS = "$(inherited) @executable_path/Frameworks @loader_path/Frameworks";
				PRODUCT_NAME = "$(TARGET_NAME)";
				TEST_HOST = "$(BUILT_PRODUCTS_DIR)/test-app.app/test-app";
			};
			name = Debug;
		};
		E46B8C611A235C050096567E /* Release */ = {
			isa = XCBuildConfiguration;
			buildSettings = {
				BUNDLE_LOADER = "$(TEST_HOST)";
				FRAMEWORK_SEARCH_PATHS = (
					"$(SDKROOT)/Developer/Library/Frameworks",
					"$(inherited)",
				);
				INFOPLIST_FILE = "test-appTests/Info.plist";
				LD_RUNPATH_SEARCH_PATHS = "$(inherited) @executable_path/Frameworks @loader_path/Frameworks";
				PRODUCT_NAME = "$(TARGET_NAME)";
				TEST_HOST = "$(BUILT_PRODUCTS_DIR)/test-app.app/test-app";
			};
			name = Release;
		};
/* End XCBuildConfiguration section */

/* Begin XCConfigurationList section */
		E46B8C381A235C050096567E /* Build configuration list for PBXProject "test-app" */ = {
			isa = XCConfigurationList;
			buildConfigurations = (
				E46B8C5A1A235C050096567E /* Debug */,
				E46B8C5B1A235C050096567E /* Release */,
			);
			defaultConfigurationIsVisible = 0;
			defaultConfigurationName = Release;
		};
		E46B8C5C1A235C050096567E /* Build configuration list for PBXNativeTarget "test-app" */ = {
			isa = XCConfigurationList;
			buildConfigurations = (
				E46B8C5D1A235C050096567E /* Debug */,
				E46B8C5E1A235C050096567E /* Release */,
			);
			defaultConfigurationIsVisible = 0;
			defaultConfigurationName = Release;
		};
		E46B8C5F1A235C050096567E /* Build configuration list for PBXNativeTarget "test-appTests" */ = {
			isa = XCConfigurationList;
			buildConfigurations = (
				E46B8C601A235C050096567E /* Debug */,
				E46B8C611A235C050096567E /* Release */,
			);
			defaultConfigurationIsVisible = 0;
			defaultConfigurationName = Release;
		};
/* End XCConfigurationList section */
	};
	rootObject = E46B8C351A235C050096567E /* Project object */;
}
